// !$*UTF8*$!
{
	archiveVersion = 1;
	classes = {
	};
	objectVersion = 50;
	objects = {

/* Begin PBXBuildFile section */
		039A473D2178D4D100233F36 /* AppDelegate.swift in Sources */ = {isa = PBXBuildFile; fileRef = 039A473C2178D4D100233F36 /* AppDelegate.swift */; };
		039A473F2178D4D100233F36 /* ViewController.swift in Sources */ = {isa = PBXBuildFile; fileRef = 039A473E2178D4D100233F36 /* ViewController.swift */; };
		039A47422178D4D100233F36 /* Main.storyboard in Resources */ = {isa = PBXBuildFile; fileRef = 039A47402178D4D100233F36 /* Main.storyboard */; };
		039A47452178D4D100233F36 /* TimeManager.xcdatamodeld in Sources */ = {isa = PBXBuildFile; fileRef = 039A47432178D4D100233F36 /* TimeManager.xcdatamodeld */; };
		039A47472178D4D200233F36 /* Assets.xcassets in Resources */ = {isa = PBXBuildFile; fileRef = 039A47462178D4D200233F36 /* Assets.xcassets */; };
		039A474A2178D4D200233F36 /* LaunchScreen.storyboard in Resources */ = {isa = PBXBuildFile; fileRef = 039A47482178D4D200233F36 /* LaunchScreen.storyboard */; };
		039A47552178D4D200233F36 /* TimeManagerTests.swift in Sources */ = {isa = PBXBuildFile; fileRef = 039A47542178D4D200233F36 /* TimeManagerTests.swift */; };
		039A47602178D4D200233F36 /* TimeManagerUITests.swift in Sources */ = {isa = PBXBuildFile; fileRef = 039A475F2178D4D200233F36 /* TimeManagerUITests.swift */; };
/* End PBXBuildFile section */

/* Begin PBXContainerItemProxy section */
		039A47512178D4D200233F36 /* PBXContainerItemProxy */ = {
			isa = PBXContainerItemProxy;
			containerPortal = 039A47312178D4D100233F36 /* Project object */;
			proxyType = 1;
			remoteGlobalIDString = 039A47382178D4D100233F36;
			remoteInfo = TimeManager;
		};
		039A475C2178D4D200233F36 /* PBXContainerItemProxy */ = {
			isa = PBXContainerItemProxy;
			containerPortal = 039A47312178D4D100233F36 /* Project object */;
			proxyType = 1;
			remoteGlobalIDString = 039A47382178D4D100233F36;
			remoteInfo = TimeManager;
		};
/* End PBXContainerItemProxy section */

/* Begin PBXFileReference section */
		039A47392178D4D100233F36 /* TimeManager.app */ = {isa = PBXFileReference; explicitFileType = wrapper.application; includeInIndex = 0; path = TimeManager.app; sourceTree = BUILT_PRODUCTS_DIR; };
		039A473C2178D4D100233F36 /* AppDelegate.swift */ = {isa = PBXFileReference; lastKnownFileType = sourcecode.swift; path = AppDelegate.swift; sourceTree = "<group>"; };
		039A473E2178D4D100233F36 /* ViewController.swift */ = {isa = PBXFileReference; lastKnownFileType = sourcecode.swift; path = ViewController.swift; sourceTree = "<group>"; };
		039A47412178D4D100233F36 /* Base */ = {isa = PBXFileReference; lastKnownFileType = file.storyboard; name = Base; path = Base.lproj/Main.storyboard; sourceTree = "<group>"; };
		039A47442178D4D100233F36 /* TimeManager.xcdatamodel */ = {isa = PBXFileReference; lastKnownFileType = wrapper.xcdatamodel; path = TimeManager.xcdatamodel; sourceTree = "<group>"; };
		039A47462178D4D200233F36 /* Assets.xcassets */ = {isa = PBXFileReference; lastKnownFileType = folder.assetcatalog; path = Assets.xcassets; sourceTree = "<group>"; };
		039A47492178D4D200233F36 /* Base */ = {isa = PBXFileReference; lastKnownFileType = file.storyboard; name = Base; path = Base.lproj/LaunchScreen.storyboard; sourceTree = "<group>"; };
		039A474B2178D4D200233F36 /* Info.plist */ = {isa = PBXFileReference; lastKnownFileType = text.plist.xml; path = Info.plist; sourceTree = "<group>"; };
		039A47502178D4D200233F36 /* TimeManagerTests.xctest */ = {isa = PBXFileReference; explicitFileType = wrapper.cfbundle; includeInIndex = 0; path = TimeManagerTests.xctest; sourceTree = BUILT_PRODUCTS_DIR; };
		039A47542178D4D200233F36 /* TimeManagerTests.swift */ = {isa = PBXFileReference; lastKnownFileType = sourcecode.swift; path = TimeManagerTests.swift; sourceTree = "<group>"; };
		039A47562178D4D200233F36 /* Info.plist */ = {isa = PBXFileReference; lastKnownFileType = text.plist.xml; path = Info.plist; sourceTree = "<group>"; };
		039A475B2178D4D200233F36 /* TimeManagerUITests.xctest */ = {isa = PBXFileReference; explicitFileType = wrapper.cfbundle; includeInIndex = 0; path = TimeManagerUITests.xctest; sourceTree = BUILT_PRODUCTS_DIR; };
		039A475F2178D4D200233F36 /* TimeManagerUITests.swift */ = {isa = PBXFileReference; lastKnownFileType = sourcecode.swift; path = TimeManagerUITests.swift; sourceTree = "<group>"; };
		039A47612178D4D200233F36 /* Info.plist */ = {isa = PBXFileReference; lastKnownFileType = text.plist.xml; path = Info.plist; sourceTree = "<group>"; };
/* End PBXFileReference section */

/* Begin PBXFrameworksBuildPhase section */
		039A47362178D4D100233F36 /* Frameworks */ = {
			isa = PBXFrameworksBuildPhase;
			buildActionMask = 2147483647;
			files = (
			);
			runOnlyForDeploymentPostprocessing = 0;
		};
		039A474D2178D4D200233F36 /* Frameworks */ = {
			isa = PBXFrameworksBuildPhase;
			buildActionMask = 2147483647;
			files = (
			);
			runOnlyForDeploymentPostprocessing = 0;
		};
		039A47582178D4D200233F36 /* Frameworks */ = {
			isa = PBXFrameworksBuildPhase;
			buildActionMask = 2147483647;
			files = (
			);
			runOnlyForDeploymentPostprocessing = 0;
		};
/* End PBXFrameworksBuildPhase section */

/* Begin PBXGroup section */
		039A47302178D4D100233F36 = {
			isa = PBXGroup;
			children = (
				039A473B2178D4D100233F36 /* TimeManager */,
				039A47532178D4D200233F36 /* TimeManagerTests */,
				039A475E2178D4D200233F36 /* TimeManagerUITests */,
				039A473A2178D4D100233F36 /* Products */,
			);
			sourceTree = "<group>";
		};
		039A473A2178D4D100233F36 /* Products */ = {
			isa = PBXGroup;
			children = (
				039A47392178D4D100233F36 /* TimeManager.app */,
				039A47502178D4D200233F36 /* TimeManagerTests.xctest */,
				039A475B2178D4D200233F36 /* TimeManagerUITests.xctest */,
			);
			name = Products;
			sourceTree = "<group>";
		};
		039A473B2178D4D100233F36 /* TimeManager */ = {
			isa = PBXGroup;
			children = (
				039A473C2178D4D100233F36 /* AppDelegate.swift */,
				039A473E2178D4D100233F36 /* ViewController.swift */,
				039A47402178D4D100233F36 /* Main.storyboard */,
				039A47462178D4D200233F36 /* Assets.xcassets */,
				039A47482178D4D200233F36 /* LaunchScreen.storyboard */,
				039A474B2178D4D200233F36 /* Info.plist */,
				039A47432178D4D100233F36 /* TimeManager.xcdatamodeld */,
			);
			path = TimeManager;
			sourceTree = "<group>";
		};
		039A47532178D4D200233F36 /* TimeManagerTests */ = {
			isa = PBXGroup;
			children = (
				039A47542178D4D200233F36 /* TimeManagerTests.swift */,
				039A47562178D4D200233F36 /* Info.plist */,
			);
			path = TimeManagerTests;
			sourceTree = "<group>";
		};
		039A475E2178D4D200233F36 /* TimeManagerUITests */ = {
			isa = PBXGroup;
			children = (
				039A475F2178D4D200233F36 /* TimeManagerUITests.swift */,
				039A47612178D4D200233F36 /* Info.plist */,
			);
			path = TimeManagerUITests;
			sourceTree = "<group>";
		};
/* End PBXGroup section */

/* Begin PBXNativeTarget section */
		039A47382178D4D100233F36 /* TimeManager */ = {
			isa = PBXNativeTarget;
			buildConfigurationList = 039A47642178D4D200233F36 /* Build configuration list for PBXNativeTarget "TimeManager" */;
			buildPhases = (
				039A47352178D4D100233F36 /* Sources */,
				039A47362178D4D100233F36 /* Frameworks */,
				039A47372178D4D100233F36 /* Resources */,
			);
			buildRules = (
			);
			dependencies = (
			);
			name = TimeManager;
			productName = TimeManager;
			productReference = 039A47392178D4D100233F36 /* TimeManager.app */;
			productType = "com.apple.product-type.application";
		};
		039A474F2178D4D200233F36 /* TimeManagerTests */ = {
			isa = PBXNativeTarget;
			buildConfigurationList = 039A47672178D4D200233F36 /* Build configuration list for PBXNativeTarget "TimeManagerTests" */;
			buildPhases = (
				039A474C2178D4D200233F36 /* Sources */,
				039A474D2178D4D200233F36 /* Frameworks */,
				039A474E2178D4D200233F36 /* Resources */,
			);
			buildRules = (
			);
			dependencies = (
				039A47522178D4D200233F36 /* PBXTargetDependency */,
			);
			name = TimeManagerTests;
			productName = TimeManagerTests;
			productReference = 039A47502178D4D200233F36 /* TimeManagerTests.xctest */;
			productType = "com.apple.product-type.bundle.unit-test";
		};
		039A475A2178D4D200233F36 /* TimeManagerUITests */ = {
			isa = PBXNativeTarget;
			buildConfigurationList = 039A476A2178D4D200233F36 /* Build configuration list for PBXNativeTarget "TimeManagerUITests" */;
			buildPhases = (
				039A47572178D4D200233F36 /* Sources */,
				039A47582178D4D200233F36 /* Frameworks */,
				039A47592178D4D200233F36 /* Resources */,
			);
			buildRules = (
			);
			dependencies = (
				039A475D2178D4D200233F36 /* PBXTargetDependency */,
			);
			name = TimeManagerUITests;
			productName = TimeManagerUITests;
			productReference = 039A475B2178D4D200233F36 /* TimeManagerUITests.xctest */;
			productType = "com.apple.product-type.bundle.ui-testing";
		};
/* End PBXNativeTarget section */

/* Begin PBXProject section */
		039A47312178D4D100233F36 /* Project object */ = {
			isa = PBXProject;
			attributes = {
				LastSwiftUpdateCheck = 1000;
				LastUpgradeCheck = 1000;
				ORGANIZATIONNAME = ZDevelop;
				TargetAttributes = {
					039A47382178D4D100233F36 = {
						CreatedOnToolsVersion = 10.0;
					};
					039A474F2178D4D200233F36 = {
						CreatedOnToolsVersion = 10.0;
						TestTargetID = 039A47382178D4D100233F36;
					};
					039A475A2178D4D200233F36 = {
						CreatedOnToolsVersion = 10.0;
						TestTargetID = 039A47382178D4D100233F36;
					};
				};
			};
			buildConfigurationList = 039A47342178D4D100233F36 /* Build configuration list for PBXProject "TimeManager" */;
			compatibilityVersion = "Xcode 9.3";
			developmentRegion = en;
			hasScannedForEncodings = 0;
			knownRegions = (
				en,
				Base,
			);
			mainGroup = 039A47302178D4D100233F36;
			productRefGroup = 039A473A2178D4D100233F36 /* Products */;
			projectDirPath = "";
			projectRoot = "";
			targets = (
				039A47382178D4D100233F36 /* TimeManager */,
				039A474F2178D4D200233F36 /* TimeManagerTests */,
				039A475A2178D4D200233F36 /* TimeManagerUITests */,
			);
		};
/* End PBXProject section */

/* Begin PBXResourcesBuildPhase section */
		039A47372178D4D100233F36 /* Resources */ = {
			isa = PBXResourcesBuildPhase;
			buildActionMask = 2147483647;
			files = (
				039A474A2178D4D200233F36 /* LaunchScreen.storyboard in Resources */,
				039A47472178D4D200233F36 /* Assets.xcassets in Resources */,
				039A47422178D4D100233F36 /* Main.storyboard in Resources */,
			);
			runOnlyForDeploymentPostprocessing = 0;
		};
		039A474E2178D4D200233F36 /* Resources */ = {
			isa = PBXResourcesBuildPhase;
			buildActionMask = 2147483647;
			files = (
			);
			runOnlyForDeploymentPostprocessing = 0;
		};
		039A47592178D4D200233F36 /* Resources */ = {
			isa = PBXResourcesBuildPhase;
			buildActionMask = 2147483647;
			files = (
			);
			runOnlyForDeploymentPostprocessing = 0;
		};
/* End PBXResourcesBuildPhase section */

/* Begin PBXSourcesBuildPhase section */
		039A47352178D4D100233F36 /* Sources */ = {
			isa = PBXSourcesBuildPhase;
			buildActionMask = 2147483647;
			files = (
				039A473F2178D4D100233F36 /* ViewController.swift in Sources */,
				039A473D2178D4D100233F36 /* AppDelegate.swift in Sources */,
				039A47452178D4D100233F36 /* TimeManager.xcdatamodeld in Sources */,
			);
			runOnlyForDeploymentPostprocessing = 0;
		};
		039A474C2178D4D200233F36 /* Sources */ = {
			isa = PBXSourcesBuildPhase;
			buildActionMask = 2147483647;
			files = (
				039A47552178D4D200233F36 /* TimeManagerTests.swift in Sources */,
			);
			runOnlyForDeploymentPostprocessing = 0;
		};
		039A47572178D4D200233F36 /* Sources */ = {
			isa = PBXSourcesBuildPhase;
			buildActionMask = 2147483647;
			files = (
				039A47602178D4D200233F36 /* TimeManagerUITests.swift in Sources */,
			);
			runOnlyForDeploymentPostprocessing = 0;
		};
/* End PBXSourcesBuildPhase section */

/* Begin PBXTargetDependency section */
		039A47522178D4D200233F36 /* PBXTargetDependency */ = {
			isa = PBXTargetDependency;
			target = 039A47382178D4D100233F36 /* TimeManager */;
			targetProxy = 039A47512178D4D200233F36 /* PBXContainerItemProxy */;
		};
		039A475D2178D4D200233F36 /* PBXTargetDependency */ = {
			isa = PBXTargetDependency;
			target = 039A47382178D4D100233F36 /* TimeManager */;
			targetProxy = 039A475C2178D4D200233F36 /* PBXContainerItemProxy */;
		};
/* End PBXTargetDependency section */

/* Begin PBXVariantGroup section */
		039A47402178D4D100233F36 /* Main.storyboard */ = {
			isa = PBXVariantGroup;
			children = (
				039A47412178D4D100233F36 /* Base */,
			);
			name = Main.storyboard;
			sourceTree = "<group>";
		};
		039A47482178D4D200233F36 /* LaunchScreen.storyboard */ = {
			isa = PBXVariantGroup;
			children = (
				039A47492178D4D200233F36 /* Base */,
			);
			name = LaunchScreen.storyboard;
			sourceTree = "<group>";
		};
/* End PBXVariantGroup section */

/* Begin XCBuildConfiguration section */
		039A47622178D4D200233F36 /* Debug */ = {
			isa = XCBuildConfiguration;
			buildSettings = {
				ALWAYS_SEARCH_USER_PATHS = NO;
				CLANG_ANALYZER_NONNULL = YES;
				CLANG_ANALYZER_NUMBER_OBJECT_CONVERSION = YES_AGGRESSIVE;
				CLANG_CXX_LANGUAGE_STANDARD = "gnu++14";
				CLANG_CXX_LIBRARY = "libc++";
				CLANG_ENABLE_MODULES = YES;
				CLANG_ENABLE_OBJC_ARC = YES;
				CLANG_ENABLE_OBJC_WEAK = YES;
				CLANG_WARN_BLOCK_CAPTURE_AUTORELEASING = YES;
				CLANG_WARN_BOOL_CONVERSION = YES;
				CLANG_WARN_COMMA = YES;
				CLANG_WARN_CONSTANT_CONVERSION = YES;
				CLANG_WARN_DEPRECATED_OBJC_IMPLEMENTATIONS = YES;
				CLANG_WARN_DIRECT_OBJC_ISA_USAGE = YES_ERROR;
				CLANG_WARN_DOCUMENTATION_COMMENTS = YES;
				CLANG_WARN_EMPTY_BODY = YES;
				CLANG_WARN_ENUM_CONVERSION = YES;
				CLANG_WARN_INFINITE_RECURSION = YES;
				CLANG_WARN_INT_CONVERSION = YES;
				CLANG_WARN_NON_LITERAL_NULL_CONVERSION = YES;
				CLANG_WARN_OBJC_IMPLICIT_RETAIN_SELF = YES;
				CLANG_WARN_OBJC_LITERAL_CONVERSION = YES;
				CLANG_WARN_OBJC_ROOT_CLASS = YES_ERROR;
				CLANG_WARN_RANGE_LOOP_ANALYSIS = YES;
				CLANG_WARN_STRICT_PROTOTYPES = YES;
				CLANG_WARN_SUSPICIOUS_MOVE = YES;
				CLANG_WARN_UNGUARDED_AVAILABILITY = YES_AGGRESSIVE;
				CLANG_WARN_UNREACHABLE_CODE = YES;
				CLANG_WARN__DUPLICATE_METHOD_MATCH = YES;
				CODE_SIGN_IDENTITY = "iPhone Developer";
				COPY_PHASE_STRIP = NO;
				DEBUG_INFORMATION_FORMAT = dwarf;
				ENABLE_STRICT_OBJC_MSGSEND = YES;
				ENABLE_TESTABILITY = YES;
				GCC_C_LANGUAGE_STANDARD = gnu11;
				GCC_DYNAMIC_NO_PIC = NO;
				GCC_NO_COMMON_BLOCKS = YES;
				GCC_OPTIMIZATION_LEVEL = 0;
				GCC_PREPROCESSOR_DEFINITIONS = (
					"DEBUG=1",
					"$(inherited)",
				);
				GCC_WARN_64_TO_32_BIT_CONVERSION = YES;
				GCC_WARN_ABOUT_RETURN_TYPE = YES_ERROR;
				GCC_WARN_UNDECLARED_SELECTOR = YES;
				GCC_WARN_UNINITIALIZED_AUTOS = YES_AGGRESSIVE;
				GCC_WARN_UNUSED_FUNCTION = YES;
				GCC_WARN_UNUSED_VARIABLE = YES;
				IPHONEOS_DEPLOYMENT_TARGET = 12.0;
				MTL_ENABLE_DEBUG_INFO = INCLUDE_SOURCE;
				MTL_FAST_MATH = YES;
				ONLY_ACTIVE_ARCH = YES;
				SDKROOT = iphoneos;
				SWIFT_ACTIVE_COMPILATION_CONDITIONS = DEBUG;
				SWIFT_OPTIMIZATION_LEVEL = "-Onone";
			};
			name = Debug;
		};
		039A47632178D4D200233F36 /* Release */ = {
			isa = XCBuildConfiguration;
			buildSettings = {
				ALWAYS_SEARCH_USER_PATHS = NO;
				CLANG_ANALYZER_NONNULL = YES;
				CLANG_ANALYZER_NUMBER_OBJECT_CONVERSION = YES_AGGRESSIVE;
				CLANG_CXX_LANGUAGE_STANDARD = "gnu++14";
				CLANG_CXX_LIBRARY = "libc++";
				CLANG_ENABLE_MODULES = YES;
				CLANG_ENABLE_OBJC_ARC = YES;
				CLANG_ENABLE_OBJC_WEAK = YES;
				CLANG_WARN_BLOCK_CAPTURE_AUTORELEASING = YES;
				CLANG_WARN_BOOL_CONVERSION = YES;
				CLANG_WARN_COMMA = YES;
				CLANG_WARN_CONSTANT_CONVERSION = YES;
				CLANG_WARN_DEPRECATED_OBJC_IMPLEMENTATIONS = YES;
				CLANG_WARN_DIRECT_OBJC_ISA_USAGE = YES_ERROR;
				CLANG_WARN_DOCUMENTATION_COMMENTS = YES;
				CLANG_WARN_EMPTY_BODY = YES;
				CLANG_WARN_ENUM_CONVERSION = YES;
				CLANG_WARN_INFINITE_RECURSION = YES;
				CLANG_WARN_INT_CONVERSION = YES;
				CLANG_WARN_NON_LITERAL_NULL_CONVERSION = YES;
				CLANG_WARN_OBJC_IMPLICIT_RETAIN_SELF = YES;
				CLANG_WARN_OBJC_LITERAL_CONVERSION = YES;
				CLANG_WARN_OBJC_ROOT_CLASS = YES_ERROR;
				CLANG_WARN_RANGE_LOOP_ANALYSIS = YES;
				CLANG_WARN_STRICT_PROTOTYPES = YES;
				CLANG_WARN_SUSPICIOUS_MOVE = YES;
				CLANG_WARN_UNGUARDED_AVAILABILITY = YES_AGGRESSIVE;
				CLANG_WARN_UNREACHABLE_CODE = YES;
				CLANG_WARN__DUPLICATE_METHOD_MATCH = YES;
				CODE_SIGN_IDENTITY = "iPhone Developer";
				COPY_PHASE_STRIP = NO;
				DEBUG_INFORMATION_FORMAT = "dwarf-with-dsym";
				ENABLE_NS_ASSERTIONS = NO;
				ENABLE_STRICT_OBJC_MSGSEND = YES;
				GCC_C_LANGUAGE_STANDARD = gnu11;
				GCC_NO_COMMON_BLOCKS = YES;
				GCC_WARN_64_TO_32_BIT_CONVERSION = YES;
				GCC_WARN_ABOUT_RETURN_TYPE = YES_ERROR;
				GCC_WARN_UNDECLARED_SELECTOR = YES;
				GCC_WARN_UNINITIALIZED_AUTOS = YES_AGGRESSIVE;
				GCC_WARN_UNUSED_FUNCTION = YES;
				GCC_WARN_UNUSED_VARIABLE = YES;
				IPHONEOS_DEPLOYMENT_TARGET = 12.0;
				MTL_ENABLE_DEBUG_INFO = NO;
				MTL_FAST_MATH = YES;
				SDKROOT = iphoneos;
				SWIFT_COMPILATION_MODE = wholemodule;
				SWIFT_OPTIMIZATION_LEVEL = "-O";
				VALIDATE_PRODUCT = YES;
			};
			name = Release;
		};
		039A47652178D4D200233F36 /* Debug */ = {
			isa = XCBuildConfiguration;
			buildSettings = {
				ASSETCATALOG_COMPILER_APPICON_NAME = AppIcon;
				CODE_SIGN_STYLE = Automatic;
				INFOPLIST_FILE = TimeManager/Info.plist;
				LD_RUNPATH_SEARCH_PATHS = (
					"$(inherited)",
					"@executable_path/Frameworks",
				);
				PRODUCT_BUNDLE_IDENTIFIER = ZDevelop.TimeManager;
				PRODUCT_NAME = "$(TARGET_NAME)";
				SWIFT_VERSION = 4.2;
				TARGETED_DEVICE_FAMILY = "1,2";
			};
			name = Debug;
		};
		039A47662178D4D200233F36 /* Release */ = {
			isa = XCBuildConfiguration;
			buildSettings = {
				ASSETCATALOG_COMPILER_APPICON_NAME = AppIcon;
				CODE_SIGN_STYLE = Automatic;
				INFOPLIST_FILE = TimeManager/Info.plist;
				LD_RUNPATH_SEARCH_PATHS = (
					"$(inherited)",
					"@executable_path/Frameworks",
				);
				PRODUCT_BUNDLE_IDENTIFIER = ZDevelop.TimeManager;
				PRODUCT_NAME = "$(TARGET_NAME)";
				SWIFT_VERSION = 4.2;
				TARGETED_DEVICE_FAMILY = "1,2";
			};
			name = Release;
		};
		039A47682178D4D200233F36 /* Debug */ = {
			isa = XCBuildConfiguration;
			buildSettings = {
				ALWAYS_EMBED_SWIFT_STANDARD_LIBRARIES = YES;
				BUNDLE_LOADER = "$(TEST_HOST)";
				CODE_SIGN_STYLE = Automatic;
				INFOPLIST_FILE = TimeManagerTests/Info.plist;
				LD_RUNPATH_SEARCH_PATHS = (
					"$(inherited)",
					"@executable_path/Frameworks",
					"@loader_path/Frameworks",
				);
				PRODUCT_BUNDLE_IDENTIFIER = ZDevelop.TimeManagerTests;
				PRODUCT_NAME = "$(TARGET_NAME)";
				SWIFT_VERSION = 4.2;
				TARGETED_DEVICE_FAMILY = "1,2";
				TEST_HOST = "$(BUILT_PRODUCTS_DIR)/TimeManager.app/TimeManager";
			};
			name = Debug;
		};
		039A47692178D4D200233F36 /* Release */ = {
			isa = XCBuildConfiguration;
			buildSettings = {
				ALWAYS_EMBED_SWIFT_STANDARD_LIBRARIES = YES;
				BUNDLE_LOADER = "$(TEST_HOST)";
				CODE_SIGN_STYLE = Automatic;
				INFOPLIST_FILE = TimeManagerTests/Info.plist;
				LD_RUNPATH_SEARCH_PATHS = (
					"$(inherited)",
					"@executable_path/Frameworks",
					"@loader_path/Frameworks",
				);
				PRODUCT_BUNDLE_IDENTIFIER = ZDevelop.TimeManagerTests;
				PRODUCT_NAME = "$(TARGET_NAME)";
				SWIFT_VERSION = 4.2;
				TARGETED_DEVICE_FAMILY = "1,2";
				TEST_HOST = "$(BUILT_PRODUCTS_DIR)/TimeManager.app/TimeManager";
			};
			name = Release;
		};
		039A476B2178D4D200233F36 /* Debug */ = {
			isa = XCBuildConfiguration;
			buildSettings = {
				ALWAYS_EMBED_SWIFT_STANDARD_LIBRARIES = YES;
				CODE_SIGN_STYLE = Automatic;
				INFOPLIST_FILE = TimeManagerUITests/Info.plist;
				LD_RUNPATH_SEARCH_PATHS = (
					"$(inherited)",
					"@executable_path/Frameworks",
					"@loader_path/Frameworks",
				);
				PRODUCT_BUNDLE_IDENTIFIER = ZDevelop.TimeManagerUITests;
				PRODUCT_NAME = "$(TARGET_NAME)";
				SWIFT_VERSION = 4.2;
				TARGETED_DEVICE_FAMILY = "1,2";
				TEST_TARGET_NAME = TimeManager;
			};
			name = Debug;
		};
		039A476C2178D4D200233F36 /* Release */ = {
			isa = XCBuildConfiguration;
			buildSettings = {
				ALWAYS_EMBED_SWIFT_STANDARD_LIBRARIES = YES;
				CODE_SIGN_STYLE = Automatic;
				INFOPLIST_FILE = TimeManagerUITests/Info.plist;
				LD_RUNPATH_SEARCH_PATHS = (
					"$(inherited)",
					"@executable_path/Frameworks",
					"@loader_path/Frameworks",
				);
				PRODUCT_BUNDLE_IDENTIFIER = ZDevelop.TimeManagerUITests;
				PRODUCT_NAME = "$(TARGET_NAME)";
				SWIFT_VERSION = 4.2;
				TARGETED_DEVICE_FAMILY = "1,2";
				TEST_TARGET_NAME = TimeManager;
			};
			name = Release;
		};
/* End XCBuildConfiguration section */

/* Begin XCConfigurationList section */
		039A47342178D4D100233F36 /* Build configuration list for PBXProject "TimeManager" */ = {
			isa = XCConfigurationList;
			buildConfigurations = (
				039A47622178D4D200233F36 /* Debug */,
				039A47632178D4D200233F36 /* Release */,
			);
			defaultConfigurationIsVisible = 0;
			defaultConfigurationName = Release;
		};
		039A47642178D4D200233F36 /* Build configuration list for PBXNativeTarget "TimeManager" */ = {
			isa = XCConfigurationList;
			buildConfigurations = (
				039A47652178D4D200233F36 /* Debug */,
				039A47662178D4D200233F36 /* Release */,
			);
			defaultConfigurationIsVisible = 0;
			defaultConfigurationName = Release;
		};
		039A47672178D4D200233F36 /* Build configuration list for PBXNativeTarget "TimeManagerTests" */ = {
			isa = XCConfigurationList;
			buildConfigurations = (
				039A47682178D4D200233F36 /* Debug */,
				039A47692178D4D200233F36 /* Release */,
			);
			defaultConfigurationIsVisible = 0;
			defaultConfigurationName = Release;
		};
		039A476A2178D4D200233F36 /* Build configuration list for PBXNativeTarget "TimeManagerUITests" */ = {
			isa = XCConfigurationList;
			buildConfigurations = (
				039A476B2178D4D200233F36 /* Debug */,
				039A476C2178D4D200233F36 /* Release */,
			);
			defaultConfigurationIsVisible = 0;
			defaultConfigurationName = Release;
		};
/* End XCConfigurationList section */

/* Begin XCVersionGroup section */
		039A47432178D4D100233F36 /* TimeManager.xcdatamodeld */ = {
			isa = XCVersionGroup;
			children = (
				039A47442178D4D100233F36 /* TimeManager.xcdatamodel */,
			);
			currentVersion = 039A47442178D4D100233F36 /* TimeManager.xcdatamodel */;
			path = TimeManager.xcdatamodeld;
			sourceTree = "<group>";
			versionGroupType = wrapper.xcdatamodel;
		};
/* End XCVersionGroup section */
	};
	rootObject = 039A47312178D4D100233F36 /* Project object */;
}
